// !$*UTF8*$!
{
	archiveVersion = 1;
	classes = {
	};
	objectVersion = 77;
	objects = {

/* Begin PBXBuildFile section */
		BD01D6302DBE6A3900ADD941 /* ComposableArchitecture in Frameworks */ = {isa = PBXBuildFile; productRef = BD01D62F2DBE6A3900ADD941 /* ComposableArchitecture */; };
/* End PBXBuildFile section */

/* Begin PBXContainerItemProxy section */
		BD01D6122DBE697700ADD941 /* PBXContainerItemProxy */ = {
			isa = PBXContainerItemProxy;
			containerPortal = BD01D5F92DBE697500ADD941 /* Project object */;
			proxyType = 1;
			remoteGlobalIDString = BD01D6002DBE697500ADD941;
			remoteInfo = KompanionCareTechnicalTest;
		};
		BD01D61C2DBE697700ADD941 /* PBXContainerItemProxy */ = {
			isa = PBXContainerItemProxy;
			containerPortal = BD01D5F92DBE697500ADD941 /* Project object */;
			proxyType = 1;
			remoteGlobalIDString = BD01D6002DBE697500ADD941;
			remoteInfo = KompanionCareTechnicalTest;
		};
/* End PBXContainerItemProxy section */

/* Begin PBXFileReference section */
		BD01D6012DBE697500ADD941 /* KompanionCareTechnicalTest.app */ = {isa = PBXFileReference; explicitFileType = wrapper.application; includeInIndex = 0; path = KompanionCareTechnicalTest.app; sourceTree = BUILT_PRODUCTS_DIR; };
		BD01D6112DBE697700ADD941 /* KompanionCareTechnicalTestTests.xctest */ = {isa = PBXFileReference; explicitFileType = wrapper.cfbundle; includeInIndex = 0; path = KompanionCareTechnicalTestTests.xctest; sourceTree = BUILT_PRODUCTS_DIR; };
		BD01D61B2DBE697700ADD941 /* KompanionCareTechnicalTestUITests.xctest */ = {isa = PBXFileReference; explicitFileType = wrapper.cfbundle; includeInIndex = 0; path = KompanionCareTechnicalTestUITests.xctest; sourceTree = BUILT_PRODUCTS_DIR; };
/* End PBXFileReference section */

/* Begin PBXFileSystemSynchronizedBuildFileExceptionSet section */
		BD01D6532DBEE60B00ADD941 /* Exceptions for "KompanionCareTechnicalTest" folder in "KompanionCareTechnicalTest" target */ = {
			isa = PBXFileSystemSynchronizedBuildFileExceptionSet;
			membershipExceptions = (
				Info.plist,
			);
			target = BD01D6002DBE697500ADD941 /* KompanionCareTechnicalTest */;
		};
/* End PBXFileSystemSynchronizedBuildFileExceptionSet section */

/* Begin PBXFileSystemSynchronizedRootGroup section */
		BD01D6032DBE697500ADD941 /* KompanionCareTechnicalTest */ = {
			isa = PBXFileSystemSynchronizedRootGroup;
			exceptions = (
				BD01D6532DBEE60B00ADD941 /* Exceptions for "KompanionCareTechnicalTest" folder in "KompanionCareTechnicalTest" target */,
			);
			path = KompanionCareTechnicalTest;
			sourceTree = "<group>";
		};
		BD01D6142DBE697700ADD941 /* KompanionCareTechnicalTestTests */ = {
			isa = PBXFileSystemSynchronizedRootGroup;
			path = KompanionCareTechnicalTestTests;
			sourceTree = "<group>";
		};
		BD01D61E2DBE697700ADD941 /* KompanionCareTechnicalTestUITests */ = {
			isa = PBXFileSystemSynchronizedRootGroup;
			path = KompanionCareTechnicalTestUITests;
			sourceTree = "<group>";
		};
/* End PBXFileSystemSynchronizedRootGroup section */

/* Begin PBXFrameworksBuildPhase section */
		BD01D5FE2DBE697500ADD941 /* Frameworks */ = {
			isa = PBXFrameworksBuildPhase;
			buildActionMask = 2147483647;
			files = (
				BD01D6302DBE6A3900ADD941 /* ComposableArchitecture in Frameworks */,
			);
			runOnlyForDeploymentPostprocessing = 0;
		};
		BD01D60E2DBE697700ADD941 /* Frameworks */ = {
			isa = PBXFrameworksBuildPhase;
			buildActionMask = 2147483647;
			files = (
			);
			runOnlyForDeploymentPostprocessing = 0;
		};
		BD01D6182DBE697700ADD941 /* Frameworks */ = {
			isa = PBXFrameworksBuildPhase;
			buildActionMask = 2147483647;
			files = (
			);
			runOnlyForDeploymentPostprocessing = 0;
		};
/* End PBXFrameworksBuildPhase section */

/* Begin PBXGroup section */
		BD01D5F82DBE697500ADD941 = {
			isa = PBXGroup;
			children = (
				BD01D6032DBE697500ADD941 /* KompanionCareTechnicalTest */,
				BD01D6142DBE697700ADD941 /* KompanionCareTechnicalTestTests */,
				BD01D61E2DBE697700ADD941 /* KompanionCareTechnicalTestUITests */,
				BD01D6022DBE697500ADD941 /* Products */,
			);
			sourceTree = "<group>";
		};
		BD01D6022DBE697500ADD941 /* Products */ = {
			isa = PBXGroup;
			children = (
				BD01D6012DBE697500ADD941 /* KompanionCareTechnicalTest.app */,
				BD01D6112DBE697700ADD941 /* KompanionCareTechnicalTestTests.xctest */,
				BD01D61B2DBE697700ADD941 /* KompanionCareTechnicalTestUITests.xctest */,
			);
			name = Products;
			sourceTree = "<group>";
		};
/* End PBXGroup section */

/* Begin PBXNativeTarget section */
		BD01D6002DBE697500ADD941 /* KompanionCareTechnicalTest */ = {
			isa = PBXNativeTarget;
			buildConfigurationList = BD01D6252DBE697700ADD941 /* Build configuration list for PBXNativeTarget "KompanionCareTechnicalTest" */;
			buildPhases = (
				BD01D5FD2DBE697500ADD941 /* Sources */,
				BD01D5FE2DBE697500ADD941 /* Frameworks */,
				BD01D5FF2DBE697500ADD941 /* Resources */,
			);
			buildRules = (
			);
			dependencies = (
			);
			fileSystemSynchronizedGroups = (
				BD01D6032DBE697500ADD941 /* KompanionCareTechnicalTest */,
			);
			name = KompanionCareTechnicalTest;
			packageProductDependencies = (
				BD01D62F2DBE6A3900ADD941 /* ComposableArchitecture */,
			);
			productName = KompanionCareTechnicalTest;
			productReference = BD01D6012DBE697500ADD941 /* KompanionCareTechnicalTest.app */;
			productType = "com.apple.product-type.application";
		};
		BD01D6102DBE697700ADD941 /* KompanionCareTechnicalTestTests */ = {
			isa = PBXNativeTarget;
			buildConfigurationList = BD01D6282DBE697700ADD941 /* Build configuration list for PBXNativeTarget "KompanionCareTechnicalTestTests" */;
			buildPhases = (
				BD01D60D2DBE697700ADD941 /* Sources */,
				BD01D60E2DBE697700ADD941 /* Frameworks */,
				BD01D60F2DBE697700ADD941 /* Resources */,
			);
			buildRules = (
			);
			dependencies = (
				BD01D6132DBE697700ADD941 /* PBXTargetDependency */,
			);
			fileSystemSynchronizedGroups = (
				BD01D6142DBE697700ADD941 /* KompanionCareTechnicalTestTests */,
			);
			name = KompanionCareTechnicalTestTests;
			packageProductDependencies = (
			);
			productName = KompanionCareTechnicalTestTests;
			productReference = BD01D6112DBE697700ADD941 /* KompanionCareTechnicalTestTests.xctest */;
			productType = "com.apple.product-type.bundle.unit-test";
		};
		BD01D61A2DBE697700ADD941 /* KompanionCareTechnicalTestUITests */ = {
			isa = PBXNativeTarget;
			buildConfigurationList = BD01D62B2DBE697700ADD941 /* Build configuration list for PBXNativeTarget "KompanionCareTechnicalTestUITests" */;
			buildPhases = (
				BD01D6172DBE697700ADD941 /* Sources */,
				BD01D6182DBE697700ADD941 /* Frameworks */,
				BD01D6192DBE697700ADD941 /* Resources */,
			);
			buildRules = (
			);
			dependencies = (
				BD01D61D2DBE697700ADD941 /* PBXTargetDependency */,
			);
			fileSystemSynchronizedGroups = (
				BD01D61E2DBE697700ADD941 /* KompanionCareTechnicalTestUITests */,
			);
			name = KompanionCareTechnicalTestUITests;
			packageProductDependencies = (
			);
			productName = KompanionCareTechnicalTestUITests;
			productReference = BD01D61B2DBE697700ADD941 /* KompanionCareTechnicalTestUITests.xctest */;
			productType = "com.apple.product-type.bundle.ui-testing";
		};
/* End PBXNativeTarget section */

/* Begin PBXProject section */
		BD01D5F92DBE697500ADD941 /* Project object */ = {
			isa = PBXProject;
			attributes = {
				BuildIndependentTargetsInParallel = 1;
				LastSwiftUpdateCheck = 1620;
				LastUpgradeCheck = 1620;
				TargetAttributes = {
					BD01D6002DBE697500ADD941 = {
						CreatedOnToolsVersion = 16.2;
					};
					BD01D6102DBE697700ADD941 = {
						CreatedOnToolsVersion = 16.2;
						TestTargetID = BD01D6002DBE697500ADD941;
					};
					BD01D61A2DBE697700ADD941 = {
						CreatedOnToolsVersion = 16.2;
						TestTargetID = BD01D6002DBE697500ADD941;
					};
				};
			};
			buildConfigurationList = BD01D5FC2DBE697500ADD941 /* Build configuration list for PBXProject "KompanionCareTechnicalTest" */;
			developmentRegion = en;
			hasScannedForEncodings = 0;
			knownRegions = (
				en,
				Base,
			);
			mainGroup = BD01D5F82DBE697500ADD941;
			minimizedProjectReferenceProxies = 1;
			packageReferences = (
				BD01D62E2DBE6A3900ADD941 /* XCRemoteSwiftPackageReference "swift-composable-architecture" */,
			);
			preferredProjectObjectVersion = 77;
			productRefGroup = BD01D6022DBE697500ADD941 /* Products */;
			projectDirPath = "";
			projectRoot = "";
			targets = (
				BD01D6002DBE697500ADD941 /* KompanionCareTechnicalTest */,
				BD01D6102DBE697700ADD941 /* KompanionCareTechnicalTestTests */,
				BD01D61A2DBE697700ADD941 /* KompanionCareTechnicalTestUITests */,
			);
		};
/* End PBXProject section */

/* Begin PBXResourcesBuildPhase section */
		BD01D5FF2DBE697500ADD941 /* Resources */ = {
			isa = PBXResourcesBuildPhase;
			buildActionMask = 2147483647;
			files = (
			);
			runOnlyForDeploymentPostprocessing = 0;
		};
		BD01D60F2DBE697700ADD941 /* Resources */ = {
			isa = PBXResourcesBuildPhase;
			buildActionMask = 2147483647;
			files = (
			);
			runOnlyForDeploymentPostprocessing = 0;
		};
		BD01D6192DBE697700ADD941 /* Resources */ = {
			isa = PBXResourcesBuildPhase;
			buildActionMask = 2147483647;
			files = (
			);
			runOnlyForDeploymentPostprocessing = 0;
		};
/* End PBXResourcesBuildPhase section */

/* Begin PBXSourcesBuildPhase section */
		BD01D5FD2DBE697500ADD941 /* Sources */ = {
			isa = PBXSourcesBuildPhase;
			buildActionMask = 2147483647;
			files = (
			);
			runOnlyForDeploymentPostprocessing = 0;
		};
		BD01D60D2DBE697700ADD941 /* Sources */ = {
			isa = PBXSourcesBuildPhase;
			buildActionMask = 2147483647;
			files = (
			);
			runOnlyForDeploymentPostprocessing = 0;
		};
		BD01D6172DBE697700ADD941 /* Sources */ = {
			isa = PBXSourcesBuildPhase;
			buildActionMask = 2147483647;
			files = (
			);
			runOnlyForDeploymentPostprocessing = 0;
		};
/* End PBXSourcesBuildPhase section */

/* Begin PBXTargetDependency section */
		BD01D6132DBE697700ADD941 /* PBXTargetDependency */ = {
			isa = PBXTargetDependency;
			target = BD01D6002DBE697500ADD941 /* KompanionCareTechnicalTest */;
			targetProxy = BD01D6122DBE697700ADD941 /* PBXContainerItemProxy */;
		};
		BD01D61D2DBE697700ADD941 /* PBXTargetDependency */ = {
			isa = PBXTargetDependency;
			target = BD01D6002DBE697500ADD941 /* KompanionCareTechnicalTest */;
			targetProxy = BD01D61C2DBE697700ADD941 /* PBXContainerItemProxy */;
		};
/* End PBXTargetDependency section */

/* Begin XCBuildConfiguration section */
		BD01D6232DBE697700ADD941 /* Debug */ = {
			isa = XCBuildConfiguration;
			buildSettings = {
				ALWAYS_SEARCH_USER_PATHS = NO;
				ASSETCATALOG_COMPILER_GENERATE_SWIFT_ASSET_SYMBOL_EXTENSIONS = YES;
				CLANG_ANALYZER_NONNULL = YES;
				CLANG_ANALYZER_NUMBER_OBJECT_CONVERSION = YES_AGGRESSIVE;
				CLANG_CXX_LANGUAGE_STANDARD = "gnu++20";
				CLANG_ENABLE_MODULES = YES;
				CLANG_ENABLE_OBJC_ARC = YES;
				CLANG_ENABLE_OBJC_WEAK = YES;
				CLANG_WARN_BLOCK_CAPTURE_AUTORELEASING = YES;
				CLANG_WARN_BOOL_CONVERSION = YES;
				CLANG_WARN_COMMA = YES;
				CLANG_WARN_CONSTANT_CONVERSION = YES;
				CLANG_WARN_DEPRECATED_OBJC_IMPLEMENTATIONS = YES;
				CLANG_WARN_DIRECT_OBJC_ISA_USAGE = YES_ERROR;
				CLANG_WARN_DOCUMENTATION_COMMENTS = YES;
				CLANG_WARN_EMPTY_BODY = YES;
				CLANG_WARN_ENUM_CONVERSION = YES;
				CLANG_WARN_INFINITE_RECURSION = YES;
				CLANG_WARN_INT_CONVERSION = YES;
				CLANG_WARN_NON_LITERAL_NULL_CONVERSION = YES;
				CLANG_WARN_OBJC_IMPLICIT_RETAIN_SELF = YES;
				CLANG_WARN_OBJC_LITERAL_CONVERSION = YES;
				CLANG_WARN_OBJC_ROOT_CLASS = YES_ERROR;
				CLANG_WARN_QUOTED_INCLUDE_IN_FRAMEWORK_HEADER = YES;
				CLANG_WARN_RANGE_LOOP_ANALYSIS = YES;
				CLANG_WARN_STRICT_PROTOTYPES = YES;
				CLANG_WARN_SUSPICIOUS_MOVE = YES;
				CLANG_WARN_UNGUARDED_AVAILABILITY = YES_AGGRESSIVE;
				CLANG_WARN_UNREACHABLE_CODE = YES;
				CLANG_WARN__DUPLICATE_METHOD_MATCH = YES;
				COPY_PHASE_STRIP = NO;
				DEBUG_INFORMATION_FORMAT = dwarf;
				ENABLE_STRICT_OBJC_MSGSEND = YES;
				ENABLE_TESTABILITY = YES;
				ENABLE_USER_SCRIPT_SANDBOXING = YES;
				GCC_C_LANGUAGE_STANDARD = gnu17;
				GCC_DYNAMIC_NO_PIC = NO;
				GCC_NO_COMMON_BLOCKS = YES;
				GCC_OPTIMIZATION_LEVEL = 0;
				GCC_PREPROCESSOR_DEFINITIONS = (
					"DEBUG=1",
					"$(inherited)",
				);
				GCC_WARN_64_TO_32_BIT_CONVERSION = YES;
				GCC_WARN_ABOUT_RETURN_TYPE = YES_ERROR;
				GCC_WARN_UNDECLARED_SELECTOR = YES;
				GCC_WARN_UNINITIALIZED_AUTOS = YES_AGGRESSIVE;
				GCC_WARN_UNUSED_FUNCTION = YES;
				GCC_WARN_UNUSED_VARIABLE = YES;
				IPHONEOS_DEPLOYMENT_TARGET = 18.2;
				LOCALIZATION_PREFERS_STRING_CATALOGS = YES;
				MTL_ENABLE_DEBUG_INFO = INCLUDE_SOURCE;
				MTL_FAST_MATH = YES;
				ONLY_ACTIVE_ARCH = YES;
				SDKROOT = iphoneos;
				SWIFT_ACTIVE_COMPILATION_CONDITIONS = "DEBUG $(inherited)";
				SWIFT_OPTIMIZATION_LEVEL = "-Onone";
			};
			name = Debug;
		};
		BD01D6242DBE697700ADD941 /* Release */ = {
			isa = XCBuildConfiguration;
			buildSettings = {
				ALWAYS_SEARCH_USER_PATHS = NO;
				ASSETCATALOG_COMPILER_GENERATE_SWIFT_ASSET_SYMBOL_EXTENSIONS = YES;
				CLANG_ANALYZER_NONNULL = YES;
				CLANG_ANALYZER_NUMBER_OBJECT_CONVERSION = YES_AGGRESSIVE;
				CLANG_CXX_LANGUAGE_STANDARD = "gnu++20";
				CLANG_ENABLE_MODULES = YES;
				CLANG_ENABLE_OBJC_ARC = YES;
				CLANG_ENABLE_OBJC_WEAK = YES;
				CLANG_WARN_BLOCK_CAPTURE_AUTORELEASING = YES;
				CLANG_WARN_BOOL_CONVERSION = YES;
				CLANG_WARN_COMMA = YES;
				CLANG_WARN_CONSTANT_CONVERSION = YES;
				CLANG_WARN_DEPRECATED_OBJC_IMPLEMENTATIONS = YES;
				CLANG_WARN_DIRECT_OBJC_ISA_USAGE = YES_ERROR;
				CLANG_WARN_DOCUMENTATION_COMMENTS = YES;
				CLANG_WARN_EMPTY_BODY = YES;
				CLANG_WARN_ENUM_CONVERSION = YES;
				CLANG_WARN_INFINITE_RECURSION = YES;
				CLANG_WARN_INT_CONVERSION = YES;
				CLANG_WARN_NON_LITERAL_NULL_CONVERSION = YES;
				CLANG_WARN_OBJC_IMPLICIT_RETAIN_SELF = YES;
				CLANG_WARN_OBJC_LITERAL_CONVERSION = YES;
				CLANG_WARN_OBJC_ROOT_CLASS = YES_ERROR;
				CLANG_WARN_QUOTED_INCLUDE_IN_FRAMEWORK_HEADER = YES;
				CLANG_WARN_RANGE_LOOP_ANALYSIS = YES;
				CLANG_WARN_STRICT_PROTOTYPES = YES;
				CLANG_WARN_SUSPICIOUS_MOVE = YES;
				CLANG_WARN_UNGUARDED_AVAILABILITY = YES_AGGRESSIVE;
				CLANG_WARN_UNREACHABLE_CODE = YES;
				CLANG_WARN__DUPLICATE_METHOD_MATCH = YES;
				COPY_PHASE_STRIP = NO;
				DEBUG_INFORMATION_FORMAT = "dwarf-with-dsym";
				ENABLE_NS_ASSERTIONS = NO;
				ENABLE_STRICT_OBJC_MSGSEND = YES;
				ENABLE_USER_SCRIPT_SANDBOXING = YES;
				GCC_C_LANGUAGE_STANDARD = gnu17;
				GCC_NO_COMMON_BLOCKS = YES;
				GCC_WARN_64_TO_32_BIT_CONVERSION = YES;
				GCC_WARN_ABOUT_RETURN_TYPE = YES_ERROR;
				GCC_WARN_UNDECLARED_SELECTOR = YES;
				GCC_WARN_UNINITIALIZED_AUTOS = YES_AGGRESSIVE;
				GCC_WARN_UNUSED_FUNCTION = YES;
				GCC_WARN_UNUSED_VARIABLE = YES;
				IPHONEOS_DEPLOYMENT_TARGET = 18.2;
				LOCALIZATION_PREFERS_STRING_CATALOGS = YES;
				MTL_ENABLE_DEBUG_INFO = NO;
				MTL_FAST_MATH = YES;
				SDKROOT = iphoneos;
				SWIFT_COMPILATION_MODE = wholemodule;
				VALIDATE_PRODUCT = YES;
			};
			name = Release;
		};
		BD01D6262DBE697700ADD941 /* Debug */ = {
			isa = XCBuildConfiguration;
			baseConfigurationReferenceAnchor = BD01D6032DBE697500ADD941 /* KompanionCareTechnicalTest */;
			baseConfigurationReferenceRelativePath = Config.xcconfig;
			buildSettings = {
				ASSETCATALOG_COMPILER_APPICON_NAME = AppIcon;
				ASSETCATALOG_COMPILER_GLOBAL_ACCENT_COLOR_NAME = AccentColor;
				CODE_SIGN_STYLE = Automatic;
				CURRENT_PROJECT_VERSION = 1;
				DEVELOPMENT_ASSET_PATHS = "\"KompanionCareTechnicalTest/Preview Content\"";
				DEVELOPMENT_TEAM = QQ64R4PS8Q;
				ENABLE_PREVIEWS = YES;
				GENERATE_INFOPLIST_FILE = YES;
				INFOPLIST_FILE = KompanionCareTechnicalTest/Info.plist;
				INFOPLIST_KEY_NSLocationWhenInUseUsageDescription = "Please accept";
				INFOPLIST_KEY_UIApplicationSceneManifest_Generation = YES;
				INFOPLIST_KEY_UIApplicationSupportsIndirectInputEvents = YES;
				INFOPLIST_KEY_UILaunchScreen_Generation = YES;
				INFOPLIST_KEY_UISupportedInterfaceOrientations_iPad = "UIInterfaceOrientationPortrait UIInterfaceOrientationPortraitUpsideDown UIInterfaceOrientationLandscapeLeft UIInterfaceOrientationLandscapeRight";
				INFOPLIST_KEY_UISupportedInterfaceOrientations_iPhone = "UIInterfaceOrientationPortrait UIInterfaceOrientationLandscapeLeft UIInterfaceOrientationLandscapeRight";
				IPHONEOS_DEPLOYMENT_TARGET = 17.6;
				LD_RUNPATH_SEARCH_PATHS = (
					"$(inherited)",
					"@executable_path/Frameworks",
				);
				MARKETING_VERSION = 1.0;
				PRODUCT_BUNDLE_IDENTIFIER = com.withings.KompanionCareTechnicalTest;
				PRODUCT_NAME = "$(TARGET_NAME)";
				SWIFT_EMIT_LOC_STRINGS = YES;
				SWIFT_VERSION = 5.0;
				TARGETED_DEVICE_FAMILY = "1,2";
			};
			name = Debug;
		};
		BD01D6272DBE697700ADD941 /* Release */ = {
			isa = XCBuildConfiguration;
			baseConfigurationReferenceAnchor = BD01D6032DBE697500ADD941 /* KompanionCareTechnicalTest */;
			baseConfigurationReferenceRelativePath = Config.xcconfig;
			buildSettings = {
				ASSETCATALOG_COMPILER_APPICON_NAME = AppIcon;
				ASSETCATALOG_COMPILER_GLOBAL_ACCENT_COLOR_NAME = AccentColor;
				CODE_SIGN_STYLE = Automatic;
				CURRENT_PROJECT_VERSION = 1;
				DEVELOPMENT_ASSET_PATHS = "\"KompanionCareTechnicalTest/Preview Content\"";
				DEVELOPMENT_TEAM = QQ64R4PS8Q;
				ENABLE_PREVIEWS = YES;
				GENERATE_INFOPLIST_FILE = YES;
				INFOPLIST_FILE = KompanionCareTechnicalTest/Info.plist;
				INFOPLIST_KEY_NSLocationWhenInUseUsageDescription = "Please accept";
				INFOPLIST_KEY_UIApplicationSceneManifest_Generation = YES;
				INFOPLIST_KEY_UIApplicationSupportsIndirectInputEvents = YES;
				INFOPLIST_KEY_UILaunchScreen_Generation = YES;
				INFOPLIST_KEY_UISupportedInterfaceOrientations_iPad = "UIInterfaceOrientationPortrait UIInterfaceOrientationPortraitUpsideDown UIInterfaceOrientationLandscapeLeft UIInterfaceOrientationLandscapeRight";
				INFOPLIST_KEY_UISupportedInterfaceOrientations_iPhone = "UIInterfaceOrientationPortrait UIInterfaceOrientationLandscapeLeft UIInterfaceOrientationLandscapeRight";
				IPHONEOS_DEPLOYMENT_TARGET = 17.6;
				LD_RUNPATH_SEARCH_PATHS = (
					"$(inherited)",
					"@executable_path/Frameworks",
				);
				MARKETING_VERSION = 1.0;
				PRODUCT_BUNDLE_IDENTIFIER = com.withings.KompanionCareTechnicalTest;
				PRODUCT_NAME = "$(TARGET_NAME)";
				SWIFT_EMIT_LOC_STRINGS = YES;
				SWIFT_VERSION = 5.0;
				TARGETED_DEVICE_FAMILY = "1,2";
			};
			name = Release;
		};
		BD01D6292DBE697700ADD941 /* Debug */ = {
			isa = XCBuildConfiguration;
			buildSettings = {
				BUNDLE_LOADER = "$(TEST_HOST)";
				CODE_SIGN_STYLE = Automatic;
				CURRENT_PROJECT_VERSION = 1;
				DEVELOPMENT_TEAM = QQ64R4PS8Q;
				GENERATE_INFOPLIST_FILE = YES;
				IPHONEOS_DEPLOYMENT_TARGET = 18.2;
				MARKETING_VERSION = 1.0;
				PRODUCT_BUNDLE_IDENTIFIER = com.withings.KompanionCareTechnicalTestTests;
				PRODUCT_NAME = "$(TARGET_NAME)";
				SWIFT_EMIT_LOC_STRINGS = NO;
				SWIFT_VERSION = 5.0;
				TARGETED_DEVICE_FAMILY = "1,2";
				TEST_HOST = "$(BUILT_PRODUCTS_DIR)/KompanionCareTechnicalTest.app/$(BUNDLE_EXECUTABLE_FOLDER_PATH)/KompanionCareTechnicalTest";
			};
			name = Debug;
		};
		BD01D62A2DBE697700ADD941 /* Release */ = {
			isa = XCBuildConfiguration;
			buildSettings = {
				BUNDLE_LOADER = "$(TEST_HOST)";
				CODE_SIGN_STYLE = Automatic;
				CURRENT_PROJECT_VERSION = 1;
				DEVELOPMENT_TEAM = QQ64R4PS8Q;
				GENERATE_INFOPLIST_FILE = YES;
				IPHONEOS_DEPLOYMENT_TARGET = 18.2;
				MARKETING_VERSION = 1.0;
				PRODUCT_BUNDLE_IDENTIFIER = com.withings.KompanionCareTechnicalTestTests;
				PRODUCT_NAME = "$(TARGET_NAME)";
				SWIFT_EMIT_LOC_STRINGS = NO;
				SWIFT_VERSION = 5.0;
				TARGETED_DEVICE_FAMILY = "1,2";
				TEST_HOST = "$(BUILT_PRODUCTS_DIR)/KompanionCareTechnicalTest.app/$(BUNDLE_EXECUTABLE_FOLDER_PATH)/KompanionCareTechnicalTest";
			};
			name = Release;
		};
		BD01D62C2DBE697700ADD941 /* Debug */ = {
			isa = XCBuildConfiguration;
			buildSettings = {
				CODE_SIGN_STYLE = Automatic;
				CURRENT_PROJECT_VERSION = 1;
				DEVELOPMENT_TEAM = QQ64R4PS8Q;
				GENERATE_INFOPLIST_FILE = YES;
				MARKETING_VERSION = 1.0;
				PRODUCT_BUNDLE_IDENTIFIER = com.withings.KompanionCareTechnicalTestUITests;
				PRODUCT_NAME = "$(TARGET_NAME)";
				SWIFT_EMIT_LOC_STRINGS = NO;
				SWIFT_VERSION = 5.0;
				TARGETED_DEVICE_FAMILY = "1,2";
				TEST_TARGET_NAME = KompanionCareTechnicalTest;
			};
			name = Debug;
		};
		BD01D62D2DBE697700ADD941 /* Release */ = {
			isa = XCBuildConfiguration;
			buildSettings = {
				CODE_SIGN_STYLE = Automatic;
				CURRENT_PROJECT_VERSION = 1;
				DEVELOPMENT_TEAM = QQ64R4PS8Q;
				GENERATE_INFOPLIST_FILE = YES;
				MARKETING_VERSION = 1.0;
				PRODUCT_BUNDLE_IDENTIFIER = com.withings.KompanionCareTechnicalTestUITests;
				PRODUCT_NAME = "$(TARGET_NAME)";
				SWIFT_EMIT_LOC_STRINGS = NO;
				SWIFT_VERSION = 5.0;
				TARGETED_DEVICE_FAMILY = "1,2";
				TEST_TARGET_NAME = KompanionCareTechnicalTest;
			};
			name = Release;
		};
/* End XCBuildConfiguration section */

/* Begin XCConfigurationList section */
		BD01D5FC2DBE697500ADD941 /* Build configuration list for PBXProject "KompanionCareTechnicalTest" */ = {
			isa = XCConfigurationList;
			buildConfigurations = (
				BD01D6232DBE697700ADD941 /* Debug */,
				BD01D6242DBE697700ADD941 /* Release */,
			);
			defaultConfigurationIsVisible = 0;
			defaultConfigurationName = Release;
		};
		BD01D6252DBE697700ADD941 /* Build configuration list for PBXNativeTarget "KompanionCareTechnicalTest" */ = {
			isa = XCConfigurationList;
			buildConfigurations = (
				BD01D6262DBE697700ADD941 /* Debug */,
				BD01D6272DBE697700ADD941 /* Release */,
			);
			defaultConfigurationIsVisible = 0;
			defaultConfigurationName = Release;
		};
		BD01D6282DBE697700ADD941 /* Build configuration list for PBXNativeTarget "KompanionCareTechnicalTestTests" */ = {
			isa = XCConfigurationList;
			buildConfigurations = (
				BD01D6292DBE697700ADD941 /* Debug */,
				BD01D62A2DBE697700ADD941 /* Release */,
			);
			defaultConfigurationIsVisible = 0;
			defaultConfigurationName = Release;
		};
		BD01D62B2DBE697700ADD941 /* Build configuration list for PBXNativeTarget "KompanionCareTechnicalTestUITests" */ = {
			isa = XCConfigurationList;
			buildConfigurations = (
				BD01D62C2DBE697700ADD941 /* Debug */,
				BD01D62D2DBE697700ADD941 /* Release */,
			);
			defaultConfigurationIsVisible = 0;
			defaultConfigurationName = Release;
		};
/* End XCConfigurationList section */

/* Begin XCRemoteSwiftPackageReference section */
		BD01D62E2DBE6A3900ADD941 /* XCRemoteSwiftPackageReference "swift-composable-architecture" */ = {
			isa = XCRemoteSwiftPackageReference;
			repositoryURL = "https://github.com/pointfreeco/swift-composable-architecture.git";
			requirement = {
				kind = upToNextMajorVersion;
				minimumVersion = 1.19.1;
			};
		};
/* End XCRemoteSwiftPackageReference section */

/* Begin XCSwiftPackageProductDependency section */
		BD01D62F2DBE6A3900ADD941 /* ComposableArchitecture */ = {
			isa = XCSwiftPackageProductDependency;
			package = BD01D62E2DBE6A3900ADD941 /* XCRemoteSwiftPackageReference "swift-composable-architecture" */;
			productName = ComposableArchitecture;
		};
/* End XCSwiftPackageProductDependency section */
	};
	rootObject = BD01D5F92DBE697500ADD941 /* Project object */;
}
